
Microsoft Visual Studio Solution File, Format Version 12.00
# Visual Studio Version 17
VisualStudioVersion = 17.8.34330.188
MinimumVisualStudioVersion = 10.0.40219.1
Project("{2150E333-8FDC-42A3-9474-1A3956D46DE8}") = "Presentation Layer", "Presentation Layer", "{24B045B3-48DE-4987-8E6D-36784C04A9E4}"
EndProject
Project("{2150E333-8FDC-42A3-9474-1A3956D46DE8}") = "Bussiness Layer", "Bussiness Layer", "{9CD7D43D-4608-4A0D-8FD6-5647EA9E6B93}"
EndProject
Project("{2150E333-8FDC-42A3-9474-1A3956D46DE8}") = "Data Layer", "Data Layer", "{93C10EEF-2A19-456F-8037-B3AD0D8AD39B}"
EndProject
Project("{9A19103F-16F7-4668-BE54-9A1E7A4F7556}") = "BussinessObject", "BussinessObject\BussinessObject.csproj", "{1E8205B1-CF7C-4C26-AD36-1B709EDA7CB8}"
EndProject
Project("{9A19103F-16F7-4668-BE54-9A1E7A4F7556}") = "DataAccess", "DataAccess\DataAccess.csproj", "{7BAB3B7A-841F-4025-A3A2-8F67E42492EA}"
EndProject
Project("{9A19103F-16F7-4668-BE54-9A1E7A4F7556}") = "CinemaSystemWebClient", "CinemaSystemWebClient\CinemaSystemWebClient.csproj", "{809B0053-B0F3-4217-928D-4883EE0FA43D}"
EndProject
Project("{FAE04EC0-301F-11D3-BF4B-00C04F79EFBC}") = "CinemaSystemManagermentAPI", "CinemaSystemManagermentAPI\CinemaSystemManagermentAPI.csproj", "{7AADDB94-1279-4822-85CD-7BD341D98ED4}"
EndProject
Global
	GlobalSection(SolutionConfigurationPlatforms) = preSolution
		Debug|Any CPU = Debug|Any CPU
		Release|Any CPU = Release|Any CPU
	EndGlobalSection
	GlobalSection(ProjectConfigurationPlatforms) = postSolution
		{1E8205B1-CF7C-4C26-AD36-1B709EDA7CB8}.Debug|Any CPU.ActiveCfg = Debug|Any CPU
		{1E8205B1-CF7C-4C26-AD36-1B709EDA7CB8}.Debug|Any CPU.Build.0 = Debug|Any CPU
		{1E8205B1-CF7C-4C26-AD36-1B709EDA7CB8}.Release|Any CPU.ActiveCfg = Release|Any CPU
		{1E8205B1-CF7C-4C26-AD36-1B709EDA7CB8}.Release|Any CPU.Build.0 = Release|Any CPU
		{7BAB3B7A-841F-4025-A3A2-8F67E42492EA}.Debug|Any CPU.ActiveCfg = Debug|Any CPU
		{7BAB3B7A-841F-4025-A3A2-8F67E42492EA}.Debug|Any CPU.Build.0 = Debug|Any CPU
		{7BAB3B7A-841F-4025-A3A2-8F67E42492EA}.Release|Any CPU.ActiveCfg = Release|Any CPU
		{7BAB3B7A-841F-4025-A3A2-8F67E42492EA}.Release|Any CPU.Build.0 = Release|Any CPU
		{809B0053-B0F3-4217-928D-4883EE0FA43D}.Debug|Any CPU.ActiveCfg = Debug|Any CPU
		{809B0053-B0F3-4217-928D-4883EE0FA43D}.Debug|Any CPU.Build.0 = Debug|Any CPU
		{809B0053-B0F3-4217-928D-4883EE0FA43D}.Release|Any CPU.ActiveCfg = Release|Any CPU
		{809B0053-B0F3-4217-928D-4883EE0FA43D}.Release|Any CPU.Build.0 = Release|Any CPU
		{7AADDB94-1279-4822-85CD-7BD341D98ED4}.Debug|Any CPU.ActiveCfg = Debug|Any CPU
		{7AADDB94-1279-4822-85CD-7BD341D98ED4}.Debug|Any CPU.Build.0 = Debug|Any CPU
		{7AADDB94-1279-4822-85CD-7BD341D98ED4}.Release|Any CPU.ActiveCfg = Release|Any CPU
		{7AADDB94-1279-4822-85CD-7BD341D98ED4}.Release|Any CPU.Build.0 = Release|Any CPU
	EndGlobalSection
	GlobalSection(SolutionProperties) = preSolution
		HideSolutionNode = FALSE
	EndGlobalSection
	GlobalSection(NestedProjects) = preSolution
		{1E8205B1-CF7C-4C26-AD36-1B709EDA7CB8} = {9CD7D43D-4608-4A0D-8FD6-5647EA9E6B93}
		{7BAB3B7A-841F-4025-A3A2-8F67E42492EA} = {93C10EEF-2A19-456F-8037-B3AD0D8AD39B}
		{809B0053-B0F3-4217-928D-4883EE0FA43D} = {24B045B3-48DE-4987-8E6D-36784C04A9E4}
	EndGlobalSection
	GlobalSection(ExtensibilityGlobals) = postSolution
		SolutionGuid = {4D1DB657-A2E2-4EB3-8C32-BA0B66E1D90E}
	EndGlobalSection
EndGlobal
